// !$*UTF8*$!
{
	archiveVersion = 1;
	classes = {
	};
	objectVersion = 45;
	objects = {

/* Begin PBXBuildFile section */
		1D3623260D0F684500981E51 /* RewardAppDelegate.m in Sources */ = {isa = PBXBuildFile; fileRef = 1D3623250D0F684500981E51 /* RewardAppDelegate.m */; };
		1D60589B0D05DD56006BFB54 /* main.m in Sources */ = {isa = PBXBuildFile; fileRef = 29B97316FDCFA39411CA2CEA /* main.m */; };
		1D60589F0D05DD5A006BFB54 /* Foundation.framework in Frameworks */ = {isa = PBXBuildFile; fileRef = 1D30AB110D05D00D00671497 /* Foundation.framework */; };
		1DF5F4E00D08C38300B7A737 /* UIKit.framework in Frameworks */ = {isa = PBXBuildFile; fileRef = 1DF5F4DF0D08C38300B7A737 /* UIKit.framework */; };
		288765A50DF7441C002DB57D /* CoreGraphics.framework in Frameworks */ = {isa = PBXBuildFile; fileRef = 288765A40DF7441C002DB57D /* CoreGraphics.framework */; };
		2899E5220DE3E06400AC0155 /* RewardViewController.xib in Resources */ = {isa = PBXBuildFile; fileRef = 2899E5210DE3E06400AC0155 /* RewardViewController.xib */; };
		28AD733F0D9D9553002E5188 /* MainWindow.xib in Resources */ = {isa = PBXBuildFile; fileRef = 28AD733E0D9D9553002E5188 /* MainWindow.xib */; };
		28D7ACF80DDB3853001CB0EB /* RewardViewController.m in Sources */ = {isa = PBXBuildFile; fileRef = 28D7ACF70DDB3853001CB0EB /* RewardViewController.m */; };
		2E308B141224BE9800645431 /* QuartzCore.framework in Frameworks */ = {isa = PBXBuildFile; fileRef = 2E308B131224BE9800645431 /* QuartzCore.framework */; };
		2E308B791224C6FF00645431 /* ClaimRewardsTableCell.m in Sources */ = {isa = PBXBuildFile; fileRef = 2E308B781224C6FF00645431 /* ClaimRewardsTableCell.m */; };
		2E308B7B1224C80500645431 /* ClaimRewardsCell.xib in Resources */ = {isa = PBXBuildFile; fileRef = 2E308B7A1224C80500645431 /* ClaimRewardsCell.xib */; };
		2E308CBE1224F5D800645431 /* EarnPointsViewController.m in Sources */ = {isa = PBXBuildFile; fileRef = 2E308CBC1224F5D800645431 /* EarnPointsViewController.m */; };
		2E308CBF1224F5D800645431 /* EarnPointsViewController.xib in Resources */ = {isa = PBXBuildFile; fileRef = 2E308CBD1224F5D800645431 /* EarnPointsViewController.xib */; };
		2E520914121E4E05009B3E24 /* LoginViewController.m in Sources */ = {isa = PBXBuildFile; fileRef = 2E520912121E4E05009B3E24 /* LoginViewController.m */; };
		2E520915121E4E05009B3E24 /* LoginViewController.xib in Resources */ = {isa = PBXBuildFile; fileRef = 2E520913121E4E05009B3E24 /* LoginViewController.xib */; };
		2E5209E4121E5FFD009B3E24 /* PointsHistoryCell.xib in Resources */ = {isa = PBXBuildFile; fileRef = 2E5209E3121E5FFD009B3E24 /* PointsHistoryCell.xib */; };
		2E520A0B121E66CF009B3E24 /* PointsHistory.m in Sources */ = {isa = PBXBuildFile; fileRef = 2E520A0A121E66CF009B3E24 /* PointsHistory.m */; };
		2E59378212249C9200521F0D /* ClaimRewardsViewController.m in Sources */ = {isa = PBXBuildFile; fileRef = 2E59378012249C9200521F0D /* ClaimRewardsViewController.m */; };
		2E59378312249C9200521F0D /* ClaimRewardsViewController.xib in Resources */ = {isa = PBXBuildFile; fileRef = 2E59378112249C9200521F0D /* ClaimRewardsViewController.xib */; };
		2E5937A21224A29D00521F0D /* ClaimRewards.m in Sources */ = {isa = PBXBuildFile; fileRef = 2E5937A11224A29D00521F0D /* ClaimRewards.m */; };
		2E6208CF124CA3EA00A6E580 /* Icon.png in Resources */ = {isa = PBXBuildFile; fileRef = 2E6208CE124CA3EA00A6E580 /* Icon.png */; };
		2E8595A912273E68001B5087 /* Model.m in Sources */ = {isa = PBXBuildFile; fileRef = 2E8595A812273E68001B5087 /* Model.m */; };
		2E9717C3122C83F100632854 /* PointsHistoryViewController.m in Sources */ = {isa = PBXBuildFile; fileRef = 2E9717C1122C83F100632854 /* PointsHistoryViewController.m */; };
		2E9717C4122C83F100632854 /* PointsHistoryViewController.xib in Resources */ = {isa = PBXBuildFile; fileRef = 2E9717C2122C83F100632854 /* PointsHistoryViewController.xib */; };
		2EA393081221E83800A5DF92 /* PointsHistoryTableCell.m in Sources */ = {isa = PBXBuildFile; fileRef = 2EA393071221E83800A5DF92 /* PointsHistoryTableCell.m */; };
		2EA393591221F2D200A5DF92 /* Label2.m in Sources */ = {isa = PBXBuildFile; fileRef = 2EA393581221F2D200A5DF92 /* Label2.m */; };
		2EA393681221F79A00A5DF92 /* grayline.png in Resources */ = {isa = PBXBuildFile; fileRef = 2EA393671221F79A00A5DF92 /* grayline.png */; };
		2ED912B01240943E00C99880 /* libNetmobo.a in Frameworks */ = {isa = PBXBuildFile; fileRef = 2ED912AF1240943E00C99880 /* libNetmobo.a */; };
/* End PBXBuildFile section */

/* Begin PBXFileReference section */
		1D30AB110D05D00D00671497 /* Foundation.framework */ = {isa = PBXFileReference; lastKnownFileType = wrapper.framework; name = Foundation.framework; path = System/Library/Frameworks/Foundation.framework; sourceTree = SDKROOT; };
		1D3623240D0F684500981E51 /* RewardAppDelegate.h */ = {isa = PBXFileReference; fileEncoding = 4; lastKnownFileType = sourcecode.c.h; path = RewardAppDelegate.h; sourceTree = "<group>"; };
		1D3623250D0F684500981E51 /* RewardAppDelegate.m */ = {isa = PBXFileReference; fileEncoding = 4; lastKnownFileType = sourcecode.c.objc; path = RewardAppDelegate.m; sourceTree = "<group>"; };
		1D6058910D05DD3D006BFB54 /* Reward.app */ = {isa = PBXFileReference; explicitFileType = wrapper.application; includeInIndex = 0; path = Reward.app; sourceTree = BUILT_PRODUCTS_DIR; };
		1DF5F4DF0D08C38300B7A737 /* UIKit.framework */ = {isa = PBXFileReference; lastKnownFileType = wrapper.framework; name = UIKit.framework; path = System/Library/Frameworks/UIKit.framework; sourceTree = SDKROOT; };
		288765A40DF7441C002DB57D /* CoreGraphics.framework */ = {isa = PBXFileReference; lastKnownFileType = wrapper.framework; name = CoreGraphics.framework; path = System/Library/Frameworks/CoreGraphics.framework; sourceTree = SDKROOT; };
		2899E5210DE3E06400AC0155 /* RewardViewController.xib */ = {isa = PBXFileReference; lastKnownFileType = file.xib; path = RewardViewController.xib; sourceTree = "<group>"; };
		28AD733E0D9D9553002E5188 /* MainWindow.xib */ = {isa = PBXFileReference; lastKnownFileType = file.xib; path = MainWindow.xib; sourceTree = "<group>"; };
		28D7ACF60DDB3853001CB0EB /* RewardViewController.h */ = {isa = PBXFileReference; fileEncoding = 4; lastKnownFileType = sourcecode.c.h; path = RewardViewController.h; sourceTree = "<group>"; };
		28D7ACF70DDB3853001CB0EB /* RewardViewController.m */ = {isa = PBXFileReference; fileEncoding = 4; lastKnownFileType = sourcecode.c.objc; path = RewardViewController.m; sourceTree = "<group>"; };
		29B97316FDCFA39411CA2CEA /* main.m */ = {isa = PBXFileReference; fileEncoding = 4; lastKnownFileType = sourcecode.c.objc; path = main.m; sourceTree = "<group>"; };
		2E308B131224BE9800645431 /* QuartzCore.framework */ = {isa = PBXFileReference; lastKnownFileType = wrapper.framework; name = QuartzCore.framework; path = System/Library/Frameworks/QuartzCore.framework; sourceTree = SDKROOT; };
		2E308B771224C6FF00645431 /* ClaimRewardsTableCell.h */ = {isa = PBXFileReference; fileEncoding = 4; lastKnownFileType = sourcecode.c.h; path = ClaimRewardsTableCell.h; sourceTree = "<group>"; };
		2E308B781224C6FF00645431 /* ClaimRewardsTableCell.m */ = {isa = PBXFileReference; fileEncoding = 4; lastKnownFileType = sourcecode.c.objc; path = ClaimRewardsTableCell.m; sourceTree = "<group>"; };
		2E308B7A1224C80500645431 /* ClaimRewardsCell.xib */ = {isa = PBXFileReference; lastKnownFileType = file.xib; path = ClaimRewardsCell.xib; sourceTree = "<group>"; };
		2E308CBB1224F5D800645431 /* EarnPointsViewController.h */ = {isa = PBXFileReference; fileEncoding = 4; lastKnownFileType = sourcecode.c.h; path = EarnPointsViewController.h; sourceTree = "<group>"; };
		2E308CBC1224F5D800645431 /* EarnPointsViewController.m */ = {isa = PBXFileReference; fileEncoding = 4; lastKnownFileType = sourcecode.c.objc; path = EarnPointsViewController.m; sourceTree = "<group>"; };
		2E308CBD1224F5D800645431 /* EarnPointsViewController.xib */ = {isa = PBXFileReference; lastKnownFileType = file.xib; name = EarnPointsViewController.xib; path = Classes/EarnPointsViewController.xib; sourceTree = "<group>"; };
		2E308D761225084800645431 /* Entitlements.plist */ = {isa = PBXFileReference; fileEncoding = 4; lastKnownFileType = text.plist.xml; path = Entitlements.plist; sourceTree = "<group>"; };
		2E520911121E4E05009B3E24 /* LoginViewController.h */ = {isa = PBXFileReference; fileEncoding = 4; lastKnownFileType = sourcecode.c.h; path = LoginViewController.h; sourceTree = "<group>"; };
		2E520912121E4E05009B3E24 /* LoginViewController.m */ = {isa = PBXFileReference; fileEncoding = 4; lastKnownFileType = sourcecode.c.objc; path = LoginViewController.m; sourceTree = "<group>"; };
		2E520913121E4E05009B3E24 /* LoginViewController.xib */ = {isa = PBXFileReference; lastKnownFileType = file.xib; name = LoginViewController.xib; path = Classes/LoginViewController.xib; sourceTree = "<group>"; };
		2E5209E3121E5FFD009B3E24 /* PointsHistoryCell.xib */ = {isa = PBXFileReference; lastKnownFileType = file.xib; path = PointsHistoryCell.xib; sourceTree = "<group>"; };
		2E520A09121E66CF009B3E24 /* PointsHistory.h */ = {isa = PBXFileReference; fileEncoding = 4; lastKnownFileType = sourcecode.c.h; name = PointsHistory.h; path = Classes/PointsHistory.h; sourceTree = "<group>"; };
		2E520A0A121E66CF009B3E24 /* PointsHistory.m */ = {isa = PBXFileReference; fileEncoding = 4; lastKnownFileType = sourcecode.c.objc; name = PointsHistory.m; path = Classes/PointsHistory.m; sourceTree = "<group>"; };
		2E59377F12249C9200521F0D /* ClaimRewardsViewController.h */ = {isa = PBXFileReference; fileEncoding = 4; lastKnownFileType = sourcecode.c.h; path = ClaimRewardsViewController.h; sourceTree = "<group>"; };
		2E59378012249C9200521F0D /* ClaimRewardsViewController.m */ = {isa = PBXFileReference; fileEncoding = 4; lastKnownFileType = sourcecode.c.objc; path = ClaimRewardsViewController.m; sourceTree = "<group>"; };
		2E59378112249C9200521F0D /* ClaimRewardsViewController.xib */ = {isa = PBXFileReference; lastKnownFileType = file.xib; name = ClaimRewardsViewController.xib; path = Classes/ClaimRewardsViewController.xib; sourceTree = "<group>"; };
		2E5937A01224A29D00521F0D /* ClaimRewards.h */ = {isa = PBXFileReference; fileEncoding = 4; lastKnownFileType = sourcecode.c.h; path = ClaimRewards.h; sourceTree = "<group>"; };
		2E5937A11224A29D00521F0D /* ClaimRewards.m */ = {isa = PBXFileReference; fileEncoding = 4; lastKnownFileType = sourcecode.c.objc; path = ClaimRewards.m; sourceTree = "<group>"; };
		2E6208CE124CA3EA00A6E580 /* Icon.png */ = {isa = PBXFileReference; lastKnownFileType = image.png; path = Icon.png; sourceTree = "<group>"; };
		2E8595A712273E68001B5087 /* Model.h */ = {isa = PBXFileReference; fileEncoding = 4; lastKnownFileType = sourcecode.c.h; path = Model.h; sourceTree = "<group>"; };
		2E8595A812273E68001B5087 /* Model.m */ = {isa = PBXFileReference; fileEncoding = 4; lastKnownFileType = sourcecode.c.objc; path = Model.m; sourceTree = "<group>"; };
		2E8D4E7D122E34320077F7D2 /* libDebugentitlements.plist.a */ = {isa = PBXFileReference; explicitFileType = archive.ar; includeInIndex = 0; path = libDebugentitlements.plist.a; sourceTree = BUILT_PRODUCTS_DIR; };
		2E9717C0122C83F100632854 /* PointsHistoryViewController.h */ = {isa = PBXFileReference; fileEncoding = 4; lastKnownFileType = sourcecode.c.h; path = PointsHistoryViewController.h; sourceTree = "<group>"; };
		2E9717C1122C83F100632854 /* PointsHistoryViewController.m */ = {isa = PBXFileReference; fileEncoding = 4; lastKnownFileType = sourcecode.c.objc; path = PointsHistoryViewController.m; sourceTree = "<group>"; };
		2E9717C2122C83F100632854 /* PointsHistoryViewController.xib */ = {isa = PBXFileReference; lastKnownFileType = file.xib; name = PointsHistoryViewController.xib; path = Classes/PointsHistoryViewController.xib; sourceTree = "<group>"; };
		2E9EDA271227B1AB009E3279 /* Debugentitlements.plist */ = {isa = PBXFileReference; fileEncoding = 4; lastKnownFileType = text.plist.xml; path = Debugentitlements.plist; sourceTree = "<group>"; };
		2EA393061221E83800A5DF92 /* PointsHistoryTableCell.h */ = {isa = PBXFileReference; fileEncoding = 4; lastKnownFileType = sourcecode.c.h; path = PointsHistoryTableCell.h; sourceTree = "<group>"; };
		2EA393071221E83800A5DF92 /* PointsHistoryTableCell.m */ = {isa = PBXFileReference; fileEncoding = 4; lastKnownFileType = sourcecode.c.objc; path = PointsHistoryTableCell.m; sourceTree = "<group>"; };
		2EA393571221F2D200A5DF92 /* Label2.h */ = {isa = PBXFileReference; fileEncoding = 4; lastKnownFileType = sourcecode.c.h; path = Label2.h; sourceTree = "<group>"; };
		2EA393581221F2D200A5DF92 /* Label2.m */ = {isa = PBXFileReference; fileEncoding = 4; lastKnownFileType = sourcecode.c.objc; path = Label2.m; sourceTree = "<group>"; };
		2EA393671221F79A00A5DF92 /* grayline.png */ = {isa = PBXFileReference; lastKnownFileType = image.png; path = grayline.png; sourceTree = "<group>"; };
		2ED912AF1240943E00C99880 /* libNetmobo.a */ = {isa = PBXFileReference; lastKnownFileType = archive.ar; path = libNetmobo.a; sourceTree = "<group>"; };
		2ED912B41240944500C99880 /* Transactions.h */ = {isa = PBXFileReference; fileEncoding = 4; lastKnownFileType = sourcecode.c.h; path = Transactions.h; sourceTree = "<group>"; };
		2ED912B51240944500C99880 /* TransactionDetailRecord.h */ = {isa = PBXFileReference; fileEncoding = 4; lastKnownFileType = sourcecode.c.h; path = TransactionDetailRecord.h; sourceTree = "<group>"; };
		2ED912B61240944500C99880 /* TransactionDetailRecordSearchResult.h */ = {isa = PBXFileReference; fileEncoding = 4; lastKnownFileType = sourcecode.c.h; path = TransactionDetailRecordSearchResult.h; sourceTree = "<group>"; };
		2ED912B81240944500C99880 /* BrandProduct.h */ = {isa = PBXFileReference; fileEncoding = 4; lastKnownFileType = sourcecode.c.h; path = BrandProduct.h; sourceTree = "<group>"; };
		2ED912B91240944500C99880 /* BrandProductBaserate.h */ = {isa = PBXFileReference; fileEncoding = 4; lastKnownFileType = sourcecode.c.h; path = BrandProductBaserate.h; sourceTree = "<group>"; };
		2ED912BA1240944500C99880 /* BrandProductBaserateSearchResult.h */ = {isa = PBXFileReference; fileEncoding = 4; lastKnownFileType = sourcecode.c.h; path = BrandProductBaserateSearchResult.h; sourceTree = "<group>"; };
		2ED912BB1240944500C99880 /* BrandProductSchedule.h */ = {isa = PBXFileReference; fileEncoding = 4; lastKnownFileType = sourcecode.c.h; path = BrandProductSchedule.h; sourceTree = "<group>"; };
		2ED912BC1240944500C99880 /* BrandProductScheduleSearchResult.h */ = {isa = PBXFileReference; fileEncoding = 4; lastKnownFileType = sourcecode.c.h; path = BrandProductScheduleSearchResult.h; sourceTree = "<group>"; };
		2ED912BD1240944500C99880 /* BrandProductSearchResult.h */ = {isa = PBXFileReference; fileEncoding = 4; lastKnownFileType = sourcecode.c.h; path = BrandProductSearchResult.h; sourceTree = "<group>"; };
		2ED912BE1240944500C99880 /* BrandService.h */ = {isa = PBXFileReference; fileEncoding = 4; lastKnownFileType = sourcecode.c.h; path = BrandService.h; sourceTree = "<group>"; };
		2ED912BF1240944500C99880 /* BrandServices.h */ = {isa = PBXFileReference; fileEncoding = 4; lastKnownFileType = sourcecode.c.h; path = BrandServices.h; sourceTree = "<group>"; };
		2ED912C01240944500C99880 /* BrandServiceSearchResult.h */ = {isa = PBXFileReference; fileEncoding = 4; lastKnownFileType = sourcecode.c.h; path = BrandServiceSearchResult.h; sourceTree = "<group>"; };
		2ED912C11240944500C99880 /* ChargeTypeOperation.h */ = {isa = PBXFileReference; fileEncoding = 4; lastKnownFileType = sourcecode.c.h; path = ChargeTypeOperation.h; sourceTree = "<group>"; };
		2ED912C21240944500C99880 /* BrandProductPrice.h */ = {isa = PBXFileReference; fileEncoding = 4; lastKnownFileType = sourcecode.c.h; path = BrandProductPrice.h; sourceTree = "<group>"; };
		2ED912C31240944500C99880 /* BrandProductPlanPrice.h */ = {isa = PBXFileReference; fileEncoding = 4; lastKnownFileType = sourcecode.c.h; path = BrandProductPlanPrice.h; sourceTree = "<group>"; };
		2ED912C41240944500C99880 /* BrandProductPriceSearchResult.h */ = {isa = PBXFileReference; fileEncoding = 4; lastKnownFileType = sourcecode.c.h; path = BrandProductPriceSearchResult.h; sourceTree = "<group>"; };
		2ED912C51240944500C99880 /* BrandProductPlanPriceSearchResult.h */ = {isa = PBXFileReference; fileEncoding = 4; lastKnownFileType = sourcecode.c.h; path = BrandProductPlanPriceSearchResult.h; sourceTree = "<group>"; };
		2ED912C71240944500C99880 /* Plan.h */ = {isa = PBXFileReference; fileEncoding = 4; lastKnownFileType = sourcecode.c.h; path = Plan.h; sourceTree = "<group>"; };
		2ED912C81240944500C99880 /* PlanRC.h */ = {isa = PBXFileReference; fileEncoding = 4; lastKnownFileType = sourcecode.c.h; path = PlanRC.h; sourceTree = "<group>"; };
		2ED912C91240944500C99880 /* PlanRCSearchResult.h */ = {isa = PBXFileReference; fileEncoding = 4; lastKnownFileType = sourcecode.c.h; path = PlanRCSearchResult.h; sourceTree = "<group>"; };
		2ED912CA1240944500C99880 /* Plans.h */ = {isa = PBXFileReference; fileEncoding = 4; lastKnownFileType = sourcecode.c.h; path = Plans.h; sourceTree = "<group>"; };
		2ED912CB1240944500C99880 /* PlanSearchResult.h */ = {isa = PBXFileReference; fileEncoding = 4; lastKnownFileType = sourcecode.c.h; path = PlanSearchResult.h; sourceTree = "<group>"; };
		2ED912CD1240944500C99880 /* AccountInvoice.h */ = {isa = PBXFileReference; fileEncoding = 4; lastKnownFileType = sourcecode.c.h; path = AccountInvoice.h; sourceTree = "<group>"; };
		2ED912CE1240944500C99880 /* AccountInvoicePayment.h */ = {isa = PBXFileReference; fileEncoding = 4; lastKnownFileType = sourcecode.c.h; path = AccountInvoicePayment.h; sourceTree = "<group>"; };
		2ED912CF1240944500C99880 /* AccountInvoicePaymentSearchResult.h */ = {isa = PBXFileReference; fileEncoding = 4; lastKnownFileType = sourcecode.c.h; path = AccountInvoicePaymentSearchResult.h; sourceTree = "<group>"; };
		2ED912D01240944500C99880 /* AccountInvoiceSearchResult.h */ = {isa = PBXFileReference; fileEncoding = 4; lastKnownFileType = sourcecode.c.h; path = AccountInvoiceSearchResult.h; sourceTree = "<group>"; };
		2ED912D11240944500C99880 /* BillingRecord.h */ = {isa = PBXFileReference; fileEncoding = 4; lastKnownFileType = sourcecode.c.h; path = BillingRecord.h; sourceTree = "<group>"; };
		2ED912D21240944500C99880 /* BillingRecordSearchResult.h */ = {isa = PBXFileReference; fileEncoding = 4; lastKnownFileType = sourcecode.c.h; path = BillingRecordSearchResult.h; sourceTree = "<group>"; };
		2ED912D31240944500C99880 /* Invoice.h */ = {isa = PBXFileReference; fileEncoding = 4; lastKnownFileType = sourcecode.c.h; path = Invoice.h; sourceTree = "<group>"; };
		2ED912D41240944500C99880 /* UserPayment.h */ = {isa = PBXFileReference; fileEncoding = 4; lastKnownFileType = sourcecode.c.h; path = UserPayment.h; sourceTree = "<group>"; };
		2ED912D51240944500C99880 /* UserPaymentSearchResult.h */ = {isa = PBXFileReference; fileEncoding = 4; lastKnownFileType = sourcecode.c.h; path = UserPaymentSearchResult.h; sourceTree = "<group>"; };
		2ED912D71240944500C99880 /* UserCard.h */ = {isa = PBXFileReference; fileEncoding = 4; lastKnownFileType = sourcecode.c.h; path = UserCard.h; sourceTree = "<group>"; };
		2ED912D81240944500C99880 /* UserCardSearchResult.h */ = {isa = PBXFileReference; fileEncoding = 4; lastKnownFileType = sourcecode.c.h; path = UserCardSearchResult.h; sourceTree = "<group>"; };
		2ED912D91240944500C99880 /* UserBankAccount.h */ = {isa = PBXFileReference; fileEncoding = 4; lastKnownFileType = sourcecode.c.h; path = UserBankAccount.h; sourceTree = "<group>"; };
		2ED912DA1240944500C99880 /* UserBankAccountSearchResult.h */ = {isa = PBXFileReference; fileEncoding = 4; lastKnownFileType = sourcecode.c.h; path = UserBankAccountSearchResult.h; sourceTree = "<group>"; };
		2ED912DB1240944500C99880 /* PaymentGateway.h */ = {isa = PBXFileReference; fileEncoding = 4; lastKnownFileType = sourcecode.c.h; path = PaymentGateway.h; sourceTree = "<group>"; };
		2ED912DC1240944500C99880 /* CardTransactionHistory.h */ = {isa = PBXFileReference; fileEncoding = 4; lastKnownFileType = sourcecode.c.h; path = CardTransactionHistory.h; sourceTree = "<group>"; };
		2ED912DD1240944500C99880 /* CardTransactionHistorySearchResult.h */ = {isa = PBXFileReference; fileEncoding = 4; lastKnownFileType = sourcecode.c.h; path = CardTransactionHistorySearchResult.h; sourceTree = "<group>"; };
		2ED912DE1240944500C99880 /* CardPayments.h */ = {isa = PBXFileReference; fileEncoding = 4; lastKnownFileType = sourcecode.c.h; path = CardPayments.h; sourceTree = "<group>"; };
		2ED912DF1240944500C99880 /* UserPaymentAuthorization.h */ = {isa = PBXFileReference; fileEncoding = 4; lastKnownFileType = sourcecode.c.h; path = UserPaymentAuthorization.h; sourceTree = "<group>"; };
		2ED912E01240944500C99880 /* UserPaymentAuthorizationSearchResult.h */ = {isa = PBXFileReference; fileEncoding = 4; lastKnownFileType = sourcecode.c.h; path = UserPaymentAuthorizationSearchResult.h; sourceTree = "<group>"; };
		2ED912E21240944500C99880 /* Brands.h */ = {isa = PBXFileReference; fileEncoding = 4; lastKnownFileType = sourcecode.c.h; path = Brands.h; sourceTree = "<group>"; };
		2ED912E31240944500C99880 /* CurrencySearchResult.h */ = {isa = PBXFileReference; fileEncoding = 4; lastKnownFileType = sourcecode.c.h; path = CurrencySearchResult.h; sourceTree = "<group>"; };
		2ED912E41240944500C99880 /* ExchangeRateSearchResult.h */ = {isa = PBXFileReference; fileEncoding = 4; lastKnownFileType = sourcecode.c.h; path = ExchangeRateSearchResult.h; sourceTree = "<group>"; };
		2ED912E51240944500C99880 /* Brand.h */ = {isa = PBXFileReference; fileEncoding = 4; lastKnownFileType = sourcecode.c.h; path = Brand.h; sourceTree = "<group>"; };
		2ED912E61240944500C99880 /* Currency.h */ = {isa = PBXFileReference; fileEncoding = 4; lastKnownFileType = sourcecode.c.h; path = Currency.h; sourceTree = "<group>"; };
		2ED912E71240944500C99880 /* ExchangeRate.h */ = {isa = PBXFileReference; fileEncoding = 4; lastKnownFileType = sourcecode.c.h; path = ExchangeRate.h; sourceTree = "<group>"; };
		2ED912E81240944500C99880 /* BrandProfile.h */ = {isa = PBXFileReference; fileEncoding = 4; lastKnownFileType = sourcecode.c.h; path = BrandProfile.h; sourceTree = "<group>"; };
		2ED912E91240944500C99880 /* BrandSearchResult.h */ = {isa = PBXFileReference; fileEncoding = 4; lastKnownFileType = sourcecode.c.h; path = BrandSearchResult.h; sourceTree = "<group>"; };
		2ED912EB1240944500C99880 /* AccountHistory.h */ = {isa = PBXFileReference; fileEncoding = 4; lastKnownFileType = sourcecode.c.h; path = AccountHistory.h; sourceTree = "<group>"; };
		2ED912EC1240944500C99880 /* AccountHistorySearchResult.h */ = {isa = PBXFileReference; fileEncoding = 4; lastKnownFileType = sourcecode.c.h; path = AccountHistorySearchResult.h; sourceTree = "<group>"; };
		2ED912ED1240944500C99880 /* Accounts.h */ = {isa = PBXFileReference; fileEncoding = 4; lastKnownFileType = sourcecode.c.h; path = Accounts.h; sourceTree = "<group>"; };
		2ED912EE1240944500C99880 /* Account.h */ = {isa = PBXFileReference; fileEncoding = 4; lastKnownFileType = sourcecode.c.h; path = Account.h; sourceTree = "<group>"; };
		2ED912EF1240944500C99880 /* AccountPlan.h */ = {isa = PBXFileReference; fileEncoding = 4; lastKnownFileType = sourcecode.c.h; path = AccountPlan.h; sourceTree = "<group>"; };
		2ED912F01240944500C99880 /* AccountRC.h */ = {isa = PBXFileReference; fileEncoding = 4; lastKnownFileType = sourcecode.c.h; path = AccountRC.h; sourceTree = "<group>"; };
		2ED912F11240944500C99880 /* AccountRCActivityLog.h */ = {isa = PBXFileReference; fileEncoding = 4; lastKnownFileType = sourcecode.c.h; path = AccountRCActivityLog.h; sourceTree = "<group>"; };
		2ED912F21240944500C99880 /* AccountPlanSearchResult.h */ = {isa = PBXFileReference; fileEncoding = 4; lastKnownFileType = sourcecode.c.h; path = AccountPlanSearchResult.h; sourceTree = "<group>"; };
		2ED912F31240944500C99880 /* AccountRCSearchResult.h */ = {isa = PBXFileReference; fileEncoding = 4; lastKnownFileType = sourcecode.c.h; path = AccountRCSearchResult.h; sourceTree = "<group>"; };
		2ED912F41240944500C99880 /* AccountRCSetting.h */ = {isa = PBXFileReference; fileEncoding = 4; lastKnownFileType = sourcecode.c.h; path = AccountRCSetting.h; sourceTree = "<group>"; };
		2ED912F51240944500C99880 /* AccountSearchResult.h */ = {isa = PBXFileReference; fileEncoding = 4; lastKnownFileType = sourcecode.c.h; path = AccountSearchResult.h; sourceTree = "<group>"; };
		2ED912F61240944500C99880 /* AccountDevice.h */ = {isa = PBXFileReference; fileEncoding = 4; lastKnownFileType = sourcecode.c.h; path = AccountDevice.h; sourceTree = "<group>"; };
		2ED912F71240944500C99880 /* AccountDeviceSearchResult.h */ = {isa = PBXFileReference; fileEncoding = 4; lastKnownFileType = sourcecode.c.h; path = AccountDeviceSearchResult.h; sourceTree = "<group>"; };
		2ED912F91240944500C99880 /* User.h */ = {isa = PBXFileReference; fileEncoding = 4; lastKnownFileType = sourcecode.c.h; path = User.h; sourceTree = "<group>"; };
		2ED912FA1240944500C99880 /* Profile.h */ = {isa = PBXFileReference; fileEncoding = 4; lastKnownFileType = sourcecode.c.h; path = Profile.h; sourceTree = "<group>"; };
		2ED912FB1240944500C99880 /* UserQuestion.h */ = {isa = PBXFileReference; fileEncoding = 4; lastKnownFileType = sourcecode.c.h; path = UserQuestion.h; sourceTree = "<group>"; };
		2ED912FC1240944500C99880 /* UserQuestionSearchResult.h */ = {isa = PBXFileReference; fileEncoding = 4; lastKnownFileType = sourcecode.c.h; path = UserQuestionSearchResult.h; sourceTree = "<group>"; };
		2ED912FD1240944500C99880 /* Users.h */ = {isa = PBXFileReference; fileEncoding = 4; lastKnownFileType = sourcecode.c.h; path = Users.h; sourceTree = "<group>"; };
		2ED912FE1240944500C99880 /* UserSearchResult.h */ = {isa = PBXFileReference; fileEncoding = 4; lastKnownFileType = sourcecode.c.h; path = UserSearchResult.h; sourceTree = "<group>"; };
		2ED912FF1240944500C99880 /* SelfSignUp.h */ = {isa = PBXFileReference; fileEncoding = 4; lastKnownFileType = sourcecode.c.h; path = SelfSignUp.h; sourceTree = "<group>"; };
		2ED913001240944500C99880 /* Image.h */ = {isa = PBXFileReference; fileEncoding = 4; lastKnownFileType = sourcecode.c.h; path = Image.h; sourceTree = "<group>"; };
		2ED913021240944500C99880 /* Config.h */ = {isa = PBXFileReference; fileEncoding = 4; lastKnownFileType = sourcecode.c.h; path = Config.h; sourceTree = "<group>"; };
		2ED913051240944500C99880 /* XmlParser.h */ = {isa = PBXFileReference; fileEncoding = 4; lastKnownFileType = sourcecode.c.h; path = XmlParser.h; sourceTree = "<group>"; };
		2ED913061240944500C99880 /* TypeMapping.h */ = {isa = PBXFileReference; fileEncoding = 4; lastKnownFileType = sourcecode.c.h; path = TypeMapping.h; sourceTree = "<group>"; };
		2ED913071240944500C99880 /* GDataXMLNode.h */ = {isa = PBXFileReference; fileEncoding = 4; lastKnownFileType = sourcecode.c.h; path = GDataXMLNode.h; sourceTree = "<group>"; };
		2ED913081240944500C99880 /* Util.h */ = {isa = PBXFileReference; fileEncoding = 4; lastKnownFileType = sourcecode.c.h; path = Util.h; sourceTree = "<group>"; };
		2ED9130A1240944500C99880 /* RestTransport3.h */ = {isa = PBXFileReference; fileEncoding = 4; lastKnownFileType = sourcecode.c.h; path = RestTransport3.h; sourceTree = "<group>"; };
		2ED9130B1240944500C99880 /* XmlHeaderHelper.h */ = {isa = PBXFileReference; fileEncoding = 4; lastKnownFileType = sourcecode.c.h; path = XmlHeaderHelper.h; sourceTree = "<group>"; };
		32CA4F630368D1EE00C91783 /* Reward_Prefix.pch */ = {isa = PBXFileReference; fileEncoding = 4; lastKnownFileType = sourcecode.c.h; path = Reward_Prefix.pch; sourceTree = "<group>"; };
		8D1107310486CEB800E47090 /* Reward-Info.plist */ = {isa = PBXFileReference; fileEncoding = 4; lastKnownFileType = text.plist.xml; path = "Reward-Info.plist"; plistStructureDefinitionIdentifier = "com.apple.xcode.plist.structure-definition.iphone.info-plist"; sourceTree = "<group>"; };
/* End PBXFileReference section */

/* Begin PBXFrameworksBuildPhase section */
		1D60588F0D05DD3D006BFB54 /* Frameworks */ = {
			isa = PBXFrameworksBuildPhase;
			buildActionMask = 2147483647;
			files = (
				1D60589F0D05DD5A006BFB54 /* Foundation.framework in Frameworks */,
				1DF5F4E00D08C38300B7A737 /* UIKit.framework in Frameworks */,
				288765A50DF7441C002DB57D /* CoreGraphics.framework in Frameworks */,
				2E308B141224BE9800645431 /* QuartzCore.framework in Frameworks */,
				2ED912B01240943E00C99880 /* libNetmobo.a in Frameworks */,
			);
			runOnlyForDeploymentPostprocessing = 0;
		};
		2E9EDA201227B18E009E3279 /* Frameworks */ = {
			isa = PBXFrameworksBuildPhase;
			buildActionMask = 2147483647;
			files = (
			);
			runOnlyForDeploymentPostprocessing = 0;
		};
/* End PBXFrameworksBuildPhase section */

/* Begin PBXGroup section */
		080E96DDFE201D6D7F000001 /* Classes */ = {
			isa = PBXGroup;
			children = (
				1D3623240D0F684500981E51 /* RewardAppDelegate.h */,
				1D3623250D0F684500981E51 /* RewardAppDelegate.m */,
				28D7ACF60DDB3853001CB0EB /* RewardViewController.h */,
				28D7ACF70DDB3853001CB0EB /* RewardViewController.m */,
				2E9717C0122C83F100632854 /* PointsHistoryViewController.h */,
				2E9717C1122C83F100632854 /* PointsHistoryViewController.m */,
				2E59377F12249C9200521F0D /* ClaimRewardsViewController.h */,
				2E59378012249C9200521F0D /* ClaimRewardsViewController.m */,
				2E308CBB1224F5D800645431 /* EarnPointsViewController.h */,
				2E308CBC1224F5D800645431 /* EarnPointsViewController.m */,
				2E520911121E4E05009B3E24 /* LoginViewController.h */,
				2E520912121E4E05009B3E24 /* LoginViewController.m */,
			);
			path = Classes;
			sourceTree = "<group>";
		};
		19C28FACFE9D520D11CA2CBB /* Products */ = {
			isa = PBXGroup;
			children = (
				1D6058910D05DD3D006BFB54 /* Reward.app */,
				2E8D4E7D122E34320077F7D2 /* libDebugentitlements.plist.a */,
			);
			name = Products;
			sourceTree = "<group>";
		};
		29B97314FDCFA39411CA2CEA /* CustomTemplate */ = {
			isa = PBXGroup;
			children = (
				2ED912B11240944500C99880 /* Netmobo */,
				2E52092A121E4EEC009B3E24 /* Model */,
				080E96DDFE201D6D7F000001 /* Classes */,
				29B97315FDCFA39411CA2CEA /* Other Sources */,
				29B97317FDCFA39411CA2CEA /* Resources */,
				29B97323FDCFA39411CA2CEA /* Frameworks */,
				19C28FACFE9D520D11CA2CBB /* Products */,
			);
			name = CustomTemplate;
			sourceTree = "<group>";
		};
		29B97315FDCFA39411CA2CEA /* Other Sources */ = {
			isa = PBXGroup;
			children = (
				32CA4F630368D1EE00C91783 /* Reward_Prefix.pch */,
				29B97316FDCFA39411CA2CEA /* main.m */,
			);
			name = "Other Sources";
			sourceTree = "<group>";
		};
		29B97317FDCFA39411CA2CEA /* Resources */ = {
			isa = PBXGroup;
			children = (
				2E6208CE124CA3EA00A6E580 /* Icon.png */,
				2E9717C2122C83F100632854 /* PointsHistoryViewController.xib */,
				2E5209E3121E5FFD009B3E24 /* PointsHistoryCell.xib */,
				2E308CBD1224F5D800645431 /* EarnPointsViewController.xib */,
				2E59378112249C9200521F0D /* ClaimRewardsViewController.xib */,
				2E308B7A1224C80500645431 /* ClaimRewardsCell.xib */,
				2E520913121E4E05009B3E24 /* LoginViewController.xib */,
				2899E5210DE3E06400AC0155 /* RewardViewController.xib */,
				28AD733E0D9D9553002E5188 /* MainWindow.xib */,
				2EA393671221F79A00A5DF92 /* grayline.png */,
				8D1107310486CEB800E47090 /* Reward-Info.plist */,
				2E308D761225084800645431 /* Entitlements.plist */,
				2E9EDA271227B1AB009E3279 /* Debugentitlements.plist */,
			);
			name = Resources;
			sourceTree = "<group>";
		};
		29B97323FDCFA39411CA2CEA /* Frameworks */ = {
			isa = PBXGroup;
			children = (
				2ED912AF1240943E00C99880 /* libNetmobo.a */,
				1DF5F4DF0D08C38300B7A737 /* UIKit.framework */,
				1D30AB110D05D00D00671497 /* Foundation.framework */,
				288765A40DF7441C002DB57D /* CoreGraphics.framework */,
				2E308B131224BE9800645431 /* QuartzCore.framework */,
			);
			name = Frameworks;
			sourceTree = "<group>";
		};
		2E52092A121E4EEC009B3E24 /* Model */ = {
			isa = PBXGroup;
			children = (
				2E8595A712273E68001B5087 /* Model.h */,
				2E8595A812273E68001B5087 /* Model.m */,
				2E520A09121E66CF009B3E24 /* PointsHistory.h */,
				2E520A0A121E66CF009B3E24 /* PointsHistory.m */,
				2EA393061221E83800A5DF92 /* PointsHistoryTableCell.h */,
				2EA393071221E83800A5DF92 /* PointsHistoryTableCell.m */,
				2E5937A01224A29D00521F0D /* ClaimRewards.h */,
				2E5937A11224A29D00521F0D /* ClaimRewards.m */,
				2E308B771224C6FF00645431 /* ClaimRewardsTableCell.h */,
				2E308B781224C6FF00645431 /* ClaimRewardsTableCell.m */,
				2EA393571221F2D200A5DF92 /* Label2.h */,
				2EA393581221F2D200A5DF92 /* Label2.m */,
			);
			name = Model;
			sourceTree = "<group>";
		};
		2ED912B11240944500C99880 /* Netmobo */ = {
			isa = PBXGroup;
			children = (
				2ED913031240944500C99880 /* REST_XML_API */,
				2ED912B21240944500C99880 /* FeeFactor_API */,
			);
			name = Netmobo;
			sourceTree = "<group>";
		};
		2ED912B21240944500C99880 /* FeeFactor_API */ = {
			isa = PBXGroup;
			children = (
				2ED913011240944500C99880 /* Config */,
				2ED912F81240944500C99880 /* Users */,
				2ED912EA1240944500C99880 /* Accounts */,
				2ED912E11240944500C99880 /* Brands */,
				2ED912D61240944500C99880 /* Cardpayments */,
				2ED912CC1240944500C99880 /* Invoices */,
				2ED912C61240944500C99880 /* Plans */,
				2ED912B71240944500C99880 /* Services */,
				2ED912B31240944500C99880 /* Transactions */,
			);
			name = FeeFactor_API;
			sourceTree = "<group>";
		};
		2ED912B31240944500C99880 /* Transactions */ = {
			isa = PBXGroup;
			children = (
				2ED912B41240944500C99880 /* Transactions.h */,
				2ED912B51240944500C99880 /* TransactionDetailRecord.h */,
				2ED912B61240944500C99880 /* TransactionDetailRecordSearchResult.h */,
			);
			name = Transactions;
			sourceTree = "<group>";
		};
		2ED912B71240944500C99880 /* Services */ = {
			isa = PBXGroup;
			children = (
				2ED912B81240944500C99880 /* BrandProduct.h */,
				2ED912B91240944500C99880 /* BrandProductBaserate.h */,
				2ED912BA1240944500C99880 /* BrandProductBaserateSearchResult.h */,
				2ED912BB1240944500C99880 /* BrandProductSchedule.h */,
				2ED912BC1240944500C99880 /* BrandProductScheduleSearchResult.h */,
				2ED912BD1240944500C99880 /* BrandProductSearchResult.h */,
				2ED912BE1240944500C99880 /* BrandService.h */,
				2ED912BF1240944500C99880 /* BrandServices.h */,
				2ED912C01240944500C99880 /* BrandServiceSearchResult.h */,
				2ED912C11240944500C99880 /* ChargeTypeOperation.h */,
				2ED912C21240944500C99880 /* BrandProductPrice.h */,
				2ED912C31240944500C99880 /* BrandProductPlanPrice.h */,
				2ED912C41240944500C99880 /* BrandProductPriceSearchResult.h */,
				2ED912C51240944500C99880 /* BrandProductPlanPriceSearchResult.h */,
			);
			name = Services;
			sourceTree = "<group>";
		};
		2ED912C61240944500C99880 /* Plans */ = {
			isa = PBXGroup;
			children = (
				2ED912C71240944500C99880 /* Plan.h */,
				2ED912C81240944500C99880 /* PlanRC.h */,
				2ED912C91240944500C99880 /* PlanRCSearchResult.h */,
				2ED912CA1240944500C99880 /* Plans.h */,
				2ED912CB1240944500C99880 /* PlanSearchResult.h */,
			);
			name = Plans;
			sourceTree = "<group>";
		};
		2ED912CC1240944500C99880 /* Invoices */ = {
			isa = PBXGroup;
			children = (
				2ED912CD1240944500C99880 /* AccountInvoice.h */,
				2ED912CE1240944500C99880 /* AccountInvoicePayment.h */,
				2ED912CF1240944500C99880 /* AccountInvoicePaymentSearchResult.h */,
				2ED912D01240944500C99880 /* AccountInvoiceSearchResult.h */,
				2ED912D11240944500C99880 /* BillingRecord.h */,
				2ED912D21240944500C99880 /* BillingRecordSearchResult.h */,
				2ED912D31240944500C99880 /* Invoice.h */,
				2ED912D41240944500C99880 /* UserPayment.h */,
				2ED912D51240944500C99880 /* UserPaymentSearchResult.h */,
			);
			name = Invoices;
			sourceTree = "<group>";
		};
		2ED912D61240944500C99880 /* Cardpayments */ = {
			isa = PBXGroup;
			children = (
				2ED912D71240944500C99880 /* UserCard.h */,
				2ED912D81240944500C99880 /* UserCardSearchResult.h */,
				2ED912D91240944500C99880 /* UserBankAccount.h */,
				2ED912DA1240944500C99880 /* UserBankAccountSearchResult.h */,
				2ED912DB1240944500C99880 /* PaymentGateway.h */,
				2ED912DC1240944500C99880 /* CardTransactionHistory.h */,
				2ED912DD1240944500C99880 /* CardTransactionHistorySearchResult.h */,
				2ED912DE1240944500C99880 /* CardPayments.h */,
				2ED912DF1240944500C99880 /* UserPaymentAuthorization.h */,
				2ED912E01240944500C99880 /* UserPaymentAuthorizationSearchResult.h */,
			);
			name = Cardpayments;
			sourceTree = "<group>";
		};
		2ED912E11240944500C99880 /* Brands */ = {
			isa = PBXGroup;
			children = (
				2ED912E21240944500C99880 /* Brands.h */,
				2ED912E31240944500C99880 /* CurrencySearchResult.h */,
				2ED912E41240944500C99880 /* ExchangeRateSearchResult.h */,
				2ED912E51240944500C99880 /* Brand.h */,
				2ED912E61240944500C99880 /* Currency.h */,
				2ED912E71240944500C99880 /* ExchangeRate.h */,
				2ED912E81240944500C99880 /* BrandProfile.h */,
				2ED912E91240944500C99880 /* BrandSearchResult.h */,
			);
			name = Brands;
			sourceTree = "<group>";
		};
		2ED912EA1240944500C99880 /* Accounts */ = {
			isa = PBXGroup;
			children = (
				2ED912EB1240944500C99880 /* AccountHistory.h */,
				2ED912EC1240944500C99880 /* AccountHistorySearchResult.h */,
				2ED912ED1240944500C99880 /* Accounts.h */,
				2ED912EE1240944500C99880 /* Account.h */,
				2ED912EF1240944500C99880 /* AccountPlan.h */,
				2ED912F01240944500C99880 /* AccountRC.h */,
				2ED912F11240944500C99880 /* AccountRCActivityLog.h */,
				2ED912F21240944500C99880 /* AccountPlanSearchResult.h */,
				2ED912F31240944500C99880 /* AccountRCSearchResult.h */,
				2ED912F41240944500C99880 /* AccountRCSetting.h */,
				2ED912F51240944500C99880 /* AccountSearchResult.h */,
				2ED912F61240944500C99880 /* AccountDevice.h */,
				2ED912F71240944500C99880 /* AccountDeviceSearchResult.h */,
			);
			name = Accounts;
			sourceTree = "<group>";
		};
		2ED912F81240944500C99880 /* Users */ = {
			isa = PBXGroup;
			children = (
				2ED912F91240944500C99880 /* User.h */,
				2ED912FA1240944500C99880 /* Profile.h */,
				2ED912FB1240944500C99880 /* UserQuestion.h */,
				2ED912FC1240944500C99880 /* UserQuestionSearchResult.h */,
				2ED912FD1240944500C99880 /* Users.h */,
				2ED912FE1240944500C99880 /* UserSearchResult.h */,
				2ED912FF1240944500C99880 /* SelfSignUp.h */,
				2ED913001240944500C99880 /* Image.h */,
			);
			name = Users;
			sourceTree = "<group>";
		};
		2ED913011240944500C99880 /* Config */ = {
			isa = PBXGroup;
			children = (
				2ED913021240944500C99880 /* Config.h */,
			);
			name = Config;
			sourceTree = "<group>";
		};
		2ED913031240944500C99880 /* REST_XML_API */ = {
			isa = PBXGroup;
			children = (
				2ED913091240944500C99880 /* Transport */,
				2ED913041240944500C99880 /* Util */,
			);
			name = REST_XML_API;
			sourceTree = "<group>";
		};
		2ED913041240944500C99880 /* Util */ = {
			isa = PBXGroup;
			children = (
				2ED913051240944500C99880 /* XmlParser.h */,
				2ED913061240944500C99880 /* TypeMapping.h */,
				2ED913071240944500C99880 /* GDataXMLNode.h */,
				2ED913081240944500C99880 /* Util.h */,
			);
			name = Util;
			sourceTree = "<group>";
		};
		2ED913091240944500C99880 /* Transport */ = {
			isa = PBXGroup;
			children = (
				2ED9130A1240944500C99880 /* RestTransport3.h */,
				2ED9130B1240944500C99880 /* XmlHeaderHelper.h */,
			);
			name = Transport;
			sourceTree = "<group>";
		};
/* End PBXGroup section */

/* Begin PBXHeadersBuildPhase section */
		2E9EDA1E1227B18E009E3279 /* Headers */ = {
			isa = PBXHeadersBuildPhase;
			buildActionMask = 2147483647;
			files = (
			);
			runOnlyForDeploymentPostprocessing = 0;
		};
/* End PBXHeadersBuildPhase section */

/* Begin PBXNativeTarget section */
		1D6058900D05DD3D006BFB54 /* Reward */ = {
			isa = PBXNativeTarget;
			buildConfigurationList = 1D6058960D05DD3E006BFB54 /* Build configuration list for PBXNativeTarget "Reward" */;
			buildPhases = (
				1D60588D0D05DD3D006BFB54 /* Resources */,
				1D60588E0D05DD3D006BFB54 /* Sources */,
				1D60588F0D05DD3D006BFB54 /* Frameworks */,
			);
			buildRules = (
			);
			dependencies = (
			);
			name = Reward;
			productName = Reward;
			productReference = 1D6058910D05DD3D006BFB54 /* Reward.app */;
			productType = "com.apple.product-type.application";
		};
		2E9EDA211227B18E009E3279 /* Debugentitlements.plist */ = {
			isa = PBXNativeTarget;
			buildConfigurationList = 2E9EDA261227B198009E3279 /* Build configuration list for PBXNativeTarget "Debugentitlements.plist" */;
			buildPhases = (
				2E9EDA1E1227B18E009E3279 /* Headers */,
				2E9EDA1F1227B18E009E3279 /* Sources */,
				2E9EDA201227B18E009E3279 /* Frameworks */,
			);
			buildRules = (
			);
			dependencies = (
			);
			name = Debugentitlements.plist;
			productName = Debugentitlements.plist;
			productReference = 2E8D4E7D122E34320077F7D2 /* libDebugentitlements.plist.a */;
			productType = "com.apple.product-type.library.static";
		};
/* End PBXNativeTarget section */

/* Begin PBXProject section */
		29B97313FDCFA39411CA2CEA /* Project object */ = {
			isa = PBXProject;
			buildConfigurationList = C01FCF4E08A954540054247B /* Build configuration list for PBXProject "Reward" */;
			compatibilityVersion = "Xcode 3.1";
			hasScannedForEncodings = 1;
			mainGroup = 29B97314FDCFA39411CA2CEA /* CustomTemplate */;
			projectDirPath = "";
			projectRoot = "";
			targets = (
				1D6058900D05DD3D006BFB54 /* Reward */,
				2E9EDA211227B18E009E3279 /* Debugentitlements.plist */,
			);
		};
/* End PBXProject section */

/* Begin PBXResourcesBuildPhase section */
		1D60588D0D05DD3D006BFB54 /* Resources */ = {
			isa = PBXResourcesBuildPhase;
			buildActionMask = 2147483647;
			files = (
				28AD733F0D9D9553002E5188 /* MainWindow.xib in Resources */,
				2899E5220DE3E06400AC0155 /* RewardViewController.xib in Resources */,
				2E520915121E4E05009B3E24 /* LoginViewController.xib in Resources */,
				2E5209E4121E5FFD009B3E24 /* PointsHistoryCell.xib in Resources */,
				2EA393681221F79A00A5DF92 /* grayline.png in Resources */,
				2E59378312249C9200521F0D /* ClaimRewardsViewController.xib in Resources */,
				2E308B7B1224C80500645431 /* ClaimRewardsCell.xib in Resources */,
				2E308CBF1224F5D800645431 /* EarnPointsViewController.xib in Resources */,
				2E9717C4122C83F100632854 /* PointsHistoryViewController.xib in Resources */,
				2E6208CF124CA3EA00A6E580 /* Icon.png in Resources */,
			);
			runOnlyForDeploymentPostprocessing = 0;
		};
/* End PBXResourcesBuildPhase section */

/* Begin PBXSourcesBuildPhase section */
		1D60588E0D05DD3D006BFB54 /* Sources */ = {
			isa = PBXSourcesBuildPhase;
			buildActionMask = 2147483647;
			files = (
				1D60589B0D05DD56006BFB54 /* main.m in Sources */,
				1D3623260D0F684500981E51 /* RewardAppDelegate.m in Sources */,
				28D7ACF80DDB3853001CB0EB /* RewardViewController.m in Sources */,
				2E520914121E4E05009B3E24 /* LoginViewController.m in Sources */,
				2E520A0B121E66CF009B3E24 /* PointsHistory.m in Sources */,
				2EA393081221E83800A5DF92 /* PointsHistoryTableCell.m in Sources */,
				2EA393591221F2D200A5DF92 /* Label2.m in Sources */,
				2E59378212249C9200521F0D /* ClaimRewardsViewController.m in Sources */,
				2E5937A21224A29D00521F0D /* ClaimRewards.m in Sources */,
				2E308B791224C6FF00645431 /* ClaimRewardsTableCell.m in Sources */,
				2E308CBE1224F5D800645431 /* EarnPointsViewController.m in Sources */,
				2E8595A912273E68001B5087 /* Model.m in Sources */,
				2E9717C3122C83F100632854 /* PointsHistoryViewController.m in Sources */,
			);
			runOnlyForDeploymentPostprocessing = 0;
		};
		2E9EDA1F1227B18E009E3279 /* Sources */ = {
			isa = PBXSourcesBuildPhase;
			buildActionMask = 2147483647;
			files = (
			);
			runOnlyForDeploymentPostprocessing = 0;
		};
/* End PBXSourcesBuildPhase section */

/* Begin XCBuildConfiguration section */
		1D6058940D05DD3E006BFB54 /* Debug */ = {
			isa = XCBuildConfiguration;
			buildSettings = {
				ALWAYS_SEARCH_USER_PATHS = NO;
				CODE_SIGN_ENTITLEMENTS = Debugentitlements.plist;
				COPY_PHASE_STRIP = NO;
				GCC_DYNAMIC_NO_PIC = NO;
				GCC_OPTIMIZATION_LEVEL = 0;
				GCC_PRECOMPILE_PREFIX_HEADER = YES;
				GCC_PREFIX_HEADER = Reward_Prefix.pch;
				INFOPLIST_FILE = "Reward-Info.plist";
				LIBRARY_SEARCH_PATHS = (
					"$(inherited)",
					"\"$(SRCROOT)\"",
				);
				PRODUCT_NAME = Reward;
			};
			name = Debug;
		};
		1D6058950D05DD3E006BFB54 /* Release */ = {
			isa = XCBuildConfiguration;
			buildSettings = {
				ALWAYS_SEARCH_USER_PATHS = NO;
				CODE_SIGN_ENTITLEMENTS = Debugentitlements.plist;
				COPY_PHASE_STRIP = YES;
				GCC_PRECOMPILE_PREFIX_HEADER = YES;
				GCC_PREFIX_HEADER = Reward_Prefix.pch;
				INFOPLIST_FILE = "Reward-Info.plist";
				LIBRARY_SEARCH_PATHS = (
					"$(inherited)",
					"\"$(SRCROOT)\"",
				);
				PRODUCT_NAME = Reward;
				VALIDATE_PRODUCT = YES;
			};
			name = Release;
		};
		2E308D581225073D00645431 /* Adhoc */ = {
			isa = XCBuildConfiguration;
			buildSettings = {
				ARCHS = "$(ARCHS_STANDARD_32_BIT)";
				CODE_SIGN_ENTITLEMENTS = Entitlements.plist;
				"CODE_SIGN_IDENTITY[sdk=iphoneos*]" = "iPhone Distribution: Vicente Malixi";
				GCC_C_LANGUAGE_STANDARD = c99;
				GCC_WARN_ABOUT_RETURN_TYPE = YES;
				GCC_WARN_UNUSED_VARIABLE = YES;
				HEADER_SEARCH_PATHS = /usr/include/libxml2;
				IPHONEOS_DEPLOYMENT_TARGET = 3.0;
				OTHER_CFLAGS = "-DNS_BLOCK_ASSERTIONS=1";
				OTHER_LDFLAGS = "-lxml2";
				PREBINDING = NO;
				"PROVISIONING_PROFILE[sdk=iphoneos*]" = "B33C0837-FAC5-49CE-8C6B-CAC40ECA0D3D";
				SDKROOT = iphoneos4.0;
			};
			name = Adhoc;
		};
		2E308D591225073D00645431 /* Adhoc */ = {
			isa = XCBuildConfiguration;
			buildSettings = {
				ALWAYS_SEARCH_USER_PATHS = NO;
				CODE_SIGN_ENTITLEMENTS = Debugentitlements.plist;
				COPY_PHASE_STRIP = YES;
				GCC_PRECOMPILE_PREFIX_HEADER = YES;
				GCC_PREFIX_HEADER = Reward_Prefix.pch;
				INFOPLIST_FILE = "Reward-Info.plist";
				LIBRARY_SEARCH_PATHS = (
					"$(inherited)",
					"\"$(SRCROOT)\"",
				);
				PRODUCT_NAME = Reward;
				VALIDATE_PRODUCT = YES;
			};
			name = Adhoc;
		};
		2E9EDA231227B18E009E3279 /* Debug */ = {
			isa = XCBuildConfiguration;
			buildSettings = {
				ALWAYS_SEARCH_USER_PATHS = NO;
				COPY_PHASE_STRIP = NO;
				GCC_DYNAMIC_NO_PIC = NO;
				GCC_OPTIMIZATION_LEVEL = 0;
				PREBINDING = NO;
				PRODUCT_NAME = Debugentitlements.plist;
			};
			name = Debug;
		};
		2E9EDA241227B18E009E3279 /* Release */ = {
			isa = XCBuildConfiguration;
			buildSettings = {
				ALWAYS_SEARCH_USER_PATHS = NO;
				COPY_PHASE_STRIP = YES;
				DEBUG_INFORMATION_FORMAT = "dwarf-with-dsym";
				GCC_ENABLE_FIX_AND_CONTINUE = NO;
				PREBINDING = NO;
				PRODUCT_NAME = Debugentitlements.plist;
				ZERO_LINK = NO;
			};
			name = Release;
		};
		2E9EDA251227B18E009E3279 /* Adhoc */ = {
			isa = XCBuildConfiguration;
			buildSettings = {
				ALWAYS_SEARCH_USER_PATHS = NO;
				PREBINDING = NO;
				PRODUCT_NAME = Debugentitlements.plist;
			};
			name = Adhoc;
		};
		C01FCF4F08A954540054247B /* Debug */ = {
			isa = XCBuildConfiguration;
			buildSettings = {
				ARCHS = "$(ARCHS_STANDARD_32_BIT)";
				CODE_SIGN_ENTITLEMENTS = Debugentitlements.plist;
				"CODE_SIGN_IDENTITY[sdk=iphoneos*]" = "iPhone Developer: Vicente Malixi (N53W2MZ2KB)";
				GCC_C_LANGUAGE_STANDARD = c99;
				GCC_WARN_ABOUT_RETURN_TYPE = YES;
				GCC_WARN_UNUSED_VARIABLE = YES;
				HEADER_SEARCH_PATHS = /usr/include/libxml2;
				IPHONEOS_DEPLOYMENT_TARGET = 3.0;
				OTHER_LDFLAGS = "-lxml2";
				PREBINDING = NO;
				"PROVISIONING_PROFILE[sdk=iphoneos*]" = "92AFA742-B9EC-497A-BAA7-DEE0E17049EF";
				SDKROOT = iphoneos4.0;
			};
			name = Debug;
		};
		C01FCF5008A954540054247B /* Release */ = {
			isa = XCBuildConfiguration;
			buildSettings = {
				ARCHS = "$(ARCHS_STANDARD_32_BIT)";
				"CODE_SIGN_IDENTITY[sdk=iphoneos*]" = "iPhone Developer";
				GCC_C_LANGUAGE_STANDARD = c99;
				GCC_WARN_ABOUT_RETURN_TYPE = YES;
				GCC_WARN_UNUSED_VARIABLE = YES;
				HEADER_SEARCH_PATHS = /usr/include/libxml2;
				OTHER_CFLAGS = "-DNS_BLOCK_ASSERTIONS=1";
				OTHER_LDFLAGS = "-lxml2";
				PREBINDING = NO;
				SDKROOT = iphoneos4.0;
			};
			name = Release;
		};
/* End XCBuildConfiguration section */

/* Begin XCConfigurationList section */
		1D6058960D05DD3E006BFB54 /* Build configuration list for PBXNativeTarget "Reward" */ = {
			isa = XCConfigurationList;
			buildConfigurations = (
				1D6058940D05DD3E006BFB54 /* Debug */,
				1D6058950D05DD3E006BFB54 /* Release */,
				2E308D591225073D00645431 /* Adhoc */,
			);
			defaultConfigurationIsVisible = 0;
			defaultConfigurationName = Release;
		};
		2E9EDA261227B198009E3279 /* Build configuration list for PBXNativeTarget "Debugentitlements.plist" */ = {
			isa = XCConfigurationList;
			buildConfigurations = (
				2E9EDA231227B18E009E3279 /* Debug */,
				2E9EDA241227B18E009E3279 /* Release */,
				2E9EDA251227B18E009E3279 /* Adhoc */,
			);
			defaultConfigurationIsVisible = 0;
			defaultConfigurationName = Release;
		};
		C01FCF4E08A954540054247B /* Build configuration list for PBXProject "Reward" */ = {
			isa = XCConfigurationList;
			buildConfigurations = (
				C01FCF4F08A954540054247B /* Debug */,
				C01FCF5008A954540054247B /* Release */,
				2E308D581225073D00645431 /* Adhoc */,
			);
			defaultConfigurationIsVisible = 0;
			defaultConfigurationName = Release;
		};
/* End XCConfigurationList section */
	};
	rootObject = 29B97313FDCFA39411CA2CEA /* Project object */;
}
